
Microsoft Visual Studio Solution File, Format Version 12.00
# Visual Studio Version 17
VisualStudioVersion = 17.3.32819.101
MinimumVisualStudioVersion = 10.0.40219.1
Project("{FAE04EC0-301F-11D3-BF4B-00C04F79EFBC}") = "GenericsWithVariousParameter2", "GenericsWithVariousParameter2\GenericsWithVariousParameter2.csproj", "{1D9ABCB6-3B2B-4122-8C0B-1801FF888BA4}"
EndProject
Global
	GlobalSection(SolutionConfigurationPlatforms) = preSolution
		Debug|Any CPU = Debug|Any CPU
		Release|Any CPU = Release|Any CPU
	EndGlobalSection
	GlobalSection(ProjectConfigurationPlatforms) = postSolution
		{1D9ABCB6-3B2B-4122-8C0B-1801FF888BA4}.Debug|Any CPU.ActiveCfg = Debug|Any CPU
		{1D9ABCB6-3B2B-4122-8C0B-1801FF888BA4}.Debug|Any CPU.Build.0 = Debug|Any CPU
		{1D9ABCB6-3B2B-4122-8C0B-1801FF888BA4}.Release|Any CPU.ActiveCfg = Release|Any CPU
		{1D9ABCB6-3B2B-4122-8C0B-1801FF888BA4}.Release|Any CPU.Build.0 = Release|Any CPU
	EndGlobalSection
	GlobalSection(SolutionProperties) = preSolution
		HideSolutionNode = FALSE
	EndGlobalSection
	GlobalSection(ExtensibilityGlobals) = postSolution
		SolutionGuid = {214DA637-6709-42D5-B578-83202BBD714D}
	EndGlobalSection
EndGlobal
